{
	"name": "@todover/i18n",
	"version": "1.0.0",
	"lockfileVersion": 1,
	"requires": true,
	"dependencies": {
		"@babel/helper-validator-identifier": {
			"version": "7.14.9",
			"resolved": "https://registry.npmjs.org/@babel/helper-validator-identifier/-/helper-validator-identifier-7.14.9.tgz",
			"integrity": "sha512-pQYxPY0UP6IHISRitNe8bsijHex4TWZXi2HwKVsjPiltzlhse2znVcm9Ace510VT1kxIHjGJCZZQBX2gJDbo0g=="
		},
		"@babel/parser": {
			"version": "7.15.5",
			"resolved": "https://registry.npmjs.org/@babel/parser/-/parser-7.15.5.tgz",
			"integrity": "sha512-2hQstc6I7T6tQsWzlboMh3SgMRPaS4H6H7cPQsJkdzTzEGqQrpLDsE2BGASU5sBPoEQyHzeqU6C8uKbFeEk6sg=="
		},
		"@babel/types": {
			"version": "7.15.4",
			"resolved": "https://registry.npmjs.org/@babel/types/-/types-7.15.4.tgz",
			"integrity": "sha512-0f1HJFuGmmbrKTCZtbm3cU+b/AqdEYk5toj5iQur58xkVMlS0JWaKxTBSmCXd47uiN7vbcozAupm6Mvs80GNhw==",
			"requires": {
				"@babel/helper-validator-identifier": "^7.14.9",
				"to-fast-properties": "^2.0.0"
			}
		},
		"@intlify/core-base": {
			"version": "9.1.7",
			"resolved": "https://registry.npmjs.org/@intlify/core-base/-/core-base-9.1.7.tgz",
			"integrity": "sha512-q1W2j81xbHyfKrNcca/CeJyf0Bcx4u9UDu05l7AaiJbqOseTme2o2I3wp1hDDCtmC7k7HgX0sAygyHNJH9swuQ==",
			"requires": {
				"@intlify/devtools-if": "9.1.7",
				"@intlify/message-compiler": "9.1.7",
				"@intlify/message-resolver": "9.1.7",
				"@intlify/runtime": "9.1.7",
				"@intlify/shared": "9.1.7",
				"@intlify/vue-devtools": "9.1.7"
			}
		},
		"@intlify/devtools-if": {
			"version": "9.1.7",
			"resolved": "https://registry.npmjs.org/@intlify/devtools-if/-/devtools-if-9.1.7.tgz",
			"integrity": "sha512-/DcN5FUySSkQhDqx5y1RvxfuCXO3Ot/dUEIOs472qbM7Hyb2qif+eXCnwHBzlI4+wEfQVT6L0PiM1a7Er/ro9g==",
			"requires": {
				"@intlify/shared": "9.1.7"
			}
		},
		"@intlify/message-compiler": {
			"version": "9.1.7",
			"resolved": "https://registry.npmjs.org/@intlify/message-compiler/-/message-compiler-9.1.7.tgz",
			"integrity": "sha512-JZNkAhr3O7tnbdbRBcpYfqr/Ai26WTzX0K/lV8Y1KVdOIj/dGiamaffdWUdFiDXUnbJRNbPiOaKxy7Pwip3KxQ==",
			"requires": {
				"@intlify/message-resolver": "9.1.7",
				"@intlify/shared": "9.1.7",
				"source-map": "0.6.1"
			}
		},
		"@intlify/message-resolver": {
			"version": "9.1.7",
			"resolved": "https://registry.npmjs.org/@intlify/message-resolver/-/message-resolver-9.1.7.tgz",
			"integrity": "sha512-WTK+OaXJYjyquLGhuCyDvU2WHkG+kXzXeHagmVFHn+s118Jf2143zzkLLUrapP5CtZ/csuyjmYg7b3xQRQAmvw=="
		},
		"@intlify/runtime": {
			"version": "9.1.7",
			"resolved": "https://registry.npmjs.org/@intlify/runtime/-/runtime-9.1.7.tgz",
			"integrity": "sha512-QURPSlzhOVnRwS2XMGpCDsDkP42kfVBh94aAORxh/gVGzdgJip2vagrIFij/J69aEqdB476WJkMhVjP8VSHmiA==",
			"requires": {
				"@intlify/message-compiler": "9.1.7",
				"@intlify/message-resolver": "9.1.7",
				"@intlify/shared": "9.1.7"
			}
		},
		"@intlify/shared": {
			"version": "9.1.7",
			"resolved": "https://registry.npmjs.org/@intlify/shared/-/shared-9.1.7.tgz",
			"integrity": "sha512-zt0zlUdalumvT9AjQNxPXA36UgOndUyvBMplh8uRZU0fhWHAwhnJTcf0NaG9Qvr8I1n3HPSs96+kLb/YdwTavQ=="
		},
		"@intlify/vue-devtools": {
			"version": "9.1.7",
			"resolved": "https://registry.npmjs.org/@intlify/vue-devtools/-/vue-devtools-9.1.7.tgz",
			"integrity": "sha512-DI5Wc0aOiohtBUGUkKAcryCWbbuaO4/PK4Pa/LaNCsFNxbtgR5qkIDmhBv9xVPYGTUhySXxaDDAMvOpBjhPJjw==",
			"requires": {
				"@intlify/message-resolver": "9.1.7",
				"@intlify/runtime": "9.1.7",
				"@intlify/shared": "9.1.7"
			}
		},
		"@vue/compiler-core": {
			"version": "3.0.11",
			"resolved": "https://registry.npmjs.org/@vue/compiler-core/-/compiler-core-3.0.11.tgz",
			"integrity": "sha512-6sFj6TBac1y2cWCvYCA8YzHJEbsVkX7zdRs/3yK/n1ilvRqcn983XvpBbnN3v4mZ1UiQycTvOiajJmOgN9EVgw==",
			"requires": {
				"@babel/parser": "^7.12.0",
				"@babel/types": "^7.12.0",
				"@vue/shared": "3.0.11",
				"estree-walker": "^2.0.1",
				"source-map": "^0.6.1"
			}
		},
		"@vue/compiler-dom": {
			"version": "3.0.11",
			"resolved": false,
			"integrity": "sha512-+3xB50uGeY5Fv9eMKVJs2WSRULfgwaTJsy23OIltKgMrynnIj8hTYY2UL97HCoz78aDw1VDXdrBQ4qepWjnQcw==",
			"requires": {
				"@vue/compiler-core": "3.0.11",
				"@vue/shared": "3.0.11"
			}
		},
		"@vue/devtools-api": {
			"version": "6.0.0-beta.15",
			"resolved": "https://registry.npmjs.org/@vue/devtools-api/-/devtools-api-6.0.0-beta.15.tgz",
			"integrity": "sha512-quBx4Jjpexo6KDiNUGFr/zF/2A4srKM9S9v2uHgMXSU//hjgq1eGzqkIFql8T9gfX5ZaVOUzYBP3jIdIR3PKIA=="
		},
		"@vue/reactivity": {
			"version": "3.0.11",
			"resolved": false,
			"integrity": "sha512-SKM3YKxtXHBPMf7yufXeBhCZ4XZDKP9/iXeQSC8bBO3ivBuzAi4aZi0bNoeE2IF2iGfP/AHEt1OU4ARj4ao/Xw==",
			"requires": {
				"@vue/shared": "3.0.11"
			}
		},
		"@vue/runtime-core": {
			"version": "3.0.11",
			"resolved": false,
			"integrity": "sha512-87XPNwHfz9JkmOlayBeCCfMh9PT2NBnv795DSbi//C/RaAnc/bGZgECjmkD7oXJ526BZbgk9QZBPdFT8KMxkAg==",
			"requires": {
				"@vue/reactivity": "3.0.11",
				"@vue/shared": "3.0.11"
			}
		},
		"@vue/runtime-dom": {
			"version": "3.0.11",
			"resolved": false,
			"integrity": "sha512-jm3FVQESY3y2hKZ2wlkcmFDDyqaPyU3p1IdAX92zTNeCH7I8zZ37PtlE1b9NlCtzV53WjB4TZAYh9yDCMIEumA==",
			"requires": {
				"@vue/runtime-core": "3.0.11",
				"@vue/shared": "3.0.11",
				"csstype": "^2.6.8"
			}
		},
		"@vue/shared": {
			"version": "3.0.11",
			"resolved": false,
			"integrity": "sha512-b+zB8A2so8eCE0JsxjL24J7vdGl8rzPQ09hZNhystm+KqSbKcAej1A+Hbva1rCMmTTqA+hFnUSDc5kouEo0JzA=="
		},
		"csstype": {
			"version": "2.6.17",
			"resolved": "https://registry.npmjs.org/csstype/-/csstype-2.6.17.tgz",
			"integrity": "sha512-u1wmTI1jJGzCJzWndZo8mk4wnPTZd1eOIYTYvuEyOQGfmDl3TrabCCfKnOC86FZwW/9djqTl933UF/cS425i9A=="
		},
		"estree-walker": {
			"version": "2.0.2",
			"resolved": "https://registry.npmjs.org/estree-walker/-/estree-walker-2.0.2.tgz",
			"integrity": "sha512-Rfkk/Mp/DL7JVje3u18FxFujQlTNR2q6QfMSMB7AvCBx91NGj/ba3kCfza0f6dVDbw7YlRf/nDrn7pQrCCyQ/w=="
		},
		"source-map": {
			"version": "0.6.1",
			"resolved": "https://registry.npmjs.org/source-map/-/source-map-0.6.1.tgz",
			"integrity": "sha512-UjgapumWlbMhkBgzT7Ykc5YXUT46F0iKu8SGXq0bcwP5dz/h0Plj6enJqjz1Zbq2l5WaqYnrVbwWOWMyF3F47g=="
		},
		"to-fast-properties": {
			"version": "2.0.0",
			"resolved": "https://registry.npmjs.org/to-fast-properties/-/to-fast-properties-2.0.0.tgz",
			"integrity": "sha1-3F5pjL0HkmW8c+A3doGk5Og/YW4="
		},
		"vue": {
			"version": "3.0.11",
			"resolved": false,
			"integrity": "sha512-3/eUi4InQz8MPzruHYSTQPxtM3LdZ1/S/BvaU021zBnZi0laRUyH6pfuE4wtUeLvI8wmUNwj5wrZFvbHUXL9dw==",
			"requires": {
				"@vue/compiler-dom": "3.0.11",
				"@vue/runtime-dom": "3.0.11",
				"@vue/shared": "3.0.11"
			}
		},
		"vue-i18n": {
			"version": "9.1.7",
			"resolved": false,
			"integrity": "sha512-ujuuDanoHqtEd4GejWrbG/fXE9nrP51ElsEGxp0WBHfv+/ki0/wyUqkO+4fLikki2obGtXdviTPH0VNpas5K6g==",
			"requires": {
				"@intlify/core-base": "9.1.7",
				"@intlify/shared": "9.1.7",
				"@intlify/vue-devtools": "9.1.7",
				"@vue/devtools-api": "^6.0.0-beta.7"
			}
		}
	}
}
